<?xml version="1.0" encoding="utf-8"?>
<Project ToolsVersion="4.0" xmlns="http://schemas.microsoft.com/developer/msbuild/2003">
  <ItemGroup>
    <Filter Include="Source Files">
      <UniqueIdentifier>{4FC737F1-C7A5-4376-A066-2A32D752A2FF}</UniqueIdentifier>
      <Extensions>cpp;c;cc;cxx;c++;cppm;ixx;def;odl;idl;hpj;bat;asm;asmx</Extensions>
    </Filter>
    <Filter Include="Header Files">
      <UniqueIdentifier>{93995380-89BD-4b04-88EB-625FBE52EBFB}</UniqueIdentifier>
      <Extensions>h;hh;hpp;hxx;h++;hm;inl;inc;ipp;xsd</Extensions>
    </Filter>
    <Filter Include="Resource Files">
      <UniqueIdentifier>{67DA6AB6-F800-4c08-8B7A-83BB121AAD01}</UniqueIdentifier>
      <Extensions>rc;ico;cur;bmp;dlg;rc2;rct;bin;rgs;gif;jpg;jpeg;jpe;resx;tiff;tif;png;wav;mfcribbon-ms</Extensions>
    </Filter>
    <Filter Include="Source Files\Game">
      <UniqueIdentifier>{2a12e9ce-e73b-4ef6-99bd-3e2cdca44355}</UniqueIdentifier>
    </Filter>
    <Filter Include="Source Files\Game\Grid">
      <UniqueIdentifier>{4573c676-e38d-408d-ba52-5af111c5ed20}</UniqueIdentifier>
    </Filter>
    <Filter Include="Source Files\YetToFilter">
      <UniqueIdentifier>{003752af-3f46-4dcd-8db2-c92218d1feec}</UniqueIdentifier>
    </Filter>
    <Filter Include="Source Files\Game\Players">
      <UniqueIdentifier>{73b83eae-534e-42a6-aa5b-b0c48f613cb5}</UniqueIdentifier>
    </Filter>
    <Filter Include="Source Files\Game\Particles">
      <UniqueIdentifier>{5f848a59-aafa-48a5-900a-f4ccf9e28cee}</UniqueIdentifier>
    </Filter>
    <Filter Include="Source Files\Main Menu">
      <UniqueIdentifier>{9fb85cdb-83c1-4890-a24c-33d5a18b3121}</UniqueIdentifier>
    </Filter>
    <Filter Include="Source Files\Game\HUD">
      <UniqueIdentifier>{661b5d72-02bc-46da-8418-f649021f57a5}</UniqueIdentifier>
    </Filter>
  </ItemGroup>
  <ItemGroup>
    <ClCompile Include="Core.cpp">
      <Filter>Header Files</Filter>
    </ClCompile>
    <ClCompile Include="main.cpp">
      <Filter>Header Files</Filter>
    </ClCompile>
    <ClCompile Include="Matrix2x3.cpp">
      <Filter>Header Files</Filter>
    </ClCompile>
    <ClCompile Include="pch.cpp">
      <Filter>Header Files</Filter>
    </ClCompile>
    <ClCompile Include="SoundEffect.cpp">
      <Filter>Header Files</Filter>
    </ClCompile>
    <ClCompile Include="SoundStream.cpp">
      <Filter>Header Files</Filter>
    </ClCompile>
    <ClCompile Include="structs.cpp">
      <Filter>Header Files</Filter>
    </ClCompile>
    <ClCompile Include="SVGParser.cpp">
      <Filter>Header Files</Filter>
    </ClCompile>
    <ClCompile Include="Texture.cpp">
      <Filter>Header Files</Filter>
    </ClCompile>
    <ClCompile Include="utils.cpp">
      <Filter>Header Files</Filter>
    </ClCompile>
    <ClCompile Include="Vector2f.cpp">
      <Filter>Header Files</Filter>
    </ClCompile>
    <ClCompile Include="Game.cpp">
      <Filter>Source Files\Game</Filter>
    </ClCompile>
    <ClCompile Include="Grid.cpp">
      <Filter>Source Files\Game\Grid</Filter>
    </ClCompile>
    <ClCompile Include="ColorGroup.cpp">
      <Filter>Source Files\Game\Grid</Filter>
    </ClCompile>
    <ClCompile Include="Engine.cpp">
      <Filter>Source Files\YetToFilter</Filter>
    </ClCompile>
    <ClCompile Include="Player.cpp">
      <Filter>Source Files\Game\Players</Filter>
    </ClCompile>
    <ClCompile Include="Bot.cpp">
      <Filter>Source Files\Game\Players</Filter>
    </ClCompile>
    <ClCompile Include="Particle.cpp">
      <Filter>Source Files\Game\Particles</Filter>
    </ClCompile>
    <ClCompile Include="ParticleManager.cpp">
      <Filter>Source Files\Game\Particles</Filter>
    </ClCompile>
    <ClCompile Include="MainMenu.cpp">
      <Filter>Source Files\Main Menu</Filter>
    </ClCompile>
    <ClCompile Include="HUD.cpp">
      <Filter>Source Files\Game\HUD</Filter>
    </ClCompile>
    <ClCompile Include="Music.cpp">
      <Filter>Source Files\YetToFilter</Filter>
    </ClCompile>
  </ItemGroup>
  <ItemGroup>
    <ClInclude Include="Core.h">
      <Filter>Header Files</Filter>
    </ClInclude>
    <ClInclude Include="Matrix2x3.h">
      <Filter>Header Files</Filter>
    </ClInclude>
    <ClInclude Include="pch.h">
      <Filter>Header Files</Filter>
    </ClInclude>
    <ClInclude Include="SoundEffect.h">
      <Filter>Header Files</Filter>
    </ClInclude>
    <ClInclude Include="SoundStream.h">
      <Filter>Header Files</Filter>
    </ClInclude>
    <ClInclude Include="structs.h">
      <Filter>Header Files</Filter>
    </ClInclude>
    <ClInclude Include="SVGParser.h">
      <Filter>Header Files</Filter>
    </ClInclude>
    <ClInclude Include="Texture.h">
      <Filter>Header Files</Filter>
    </ClInclude>
    <ClInclude Include="utils.h">
      <Filter>Header Files</Filter>
    </ClInclude>
    <ClInclude Include="Vector2f.h">
      <Filter>Header Files</Filter>
    </ClInclude>
    <ClInclude Include="Game.h">
      <Filter>Source Files\Game</Filter>
    </ClInclude>
    <ClInclude Include="Grid.h">
      <Filter>Source Files\Game\Grid</Filter>
    </ClInclude>
    <ClInclude Include="ColorGroup.h">
      <Filter>Source Files\Game\Grid</Filter>
    </ClInclude>
    <ClInclude Include="Colors.h">
      <Filter>Source Files\YetToFilter</Filter>
    </ClInclude>
    <ClInclude Include="Engine.h">
      <Filter>Source Files\YetToFilter</Filter>
    </ClInclude>
    <ClInclude Include="GridTile.h">
      <Filter>Source Files\YetToFilter</Filter>
    </ClInclude>
    <ClInclude Include="Player.h">
      <Filter>Source Files\Game\Players</Filter>
    </ClInclude>
    <ClInclude Include="Bot.h">
      <Filter>Source Files\Game\Players</Filter>
    </ClInclude>
    <ClInclude Include="Particle.h">
      <Filter>Source Files\Game\Particles</Filter>
    </ClInclude>
    <ClInclude Include="ParticleManager.h">
      <Filter>Source Files\Game\Particles</Filter>
    </ClInclude>
    <ClInclude Include="MainMenu.h">
      <Filter>Source Files\Main Menu</Filter>
    </ClInclude>
    <ClInclude Include="HUD.h">
      <Filter>Source Files\Game\HUD</Filter>
    </ClInclude>
    <ClInclude Include="Music.h">
      <Filter>Source Files\YetToFilter</Filter>
    </ClInclude>
    <ClInclude Include="InputType.h">
      <Filter>Source Files\YetToFilter</Filter>
    </ClInclude>
  </ItemGroup>
</Project>